# THIS IS AN AUTOGENERATED FILE. DO NOT EDIT THIS FILE DIRECTLY.
# yarn lockfile v1


"@matteusan/sentro@0.1.8":
  version "0.1.8"
  resolved "https://registry.yarnpkg.com/@matteusan/sentro/-/sentro-0.1.8.tgz#e7bebd8152614274959dc50860c1bdd64251b649"
  integrity sha512-YbYfGjOpbnooniV5fjtp/EHiEeS7405KSEaHMhqG6Fc1p3WAx8R1USt1rUkGb5t+2qA7Atzh0xhZJ43/YBblRw==
