# This file is generated by running "yarn install" inside your project.
# Manual changes might be lost - proceed with caution!

__metadata:
  version: 6
  cacheKey: 8

"@matteusan/himig@workspace:.":
  version: 0.0.0-use.local
  resolution: "@matteusan/himig@workspace:."
  dependencies:
    "@matteusan/pintig": ^1.9
    "@matteusan/sentro": ^1.2.3
  languageName: unknown
  linkType: soft

"@matteusan/pintig@npm:^1.9":
  version: 1.9.0
  resolution: "@matteusan/pintig@npm:1.9.0"
  dependencies:
    "@matteusan/sentro": ^1.2.3
  checksum: 9c9493bbb599cb870fa77d8097f78e20df924e51618f013e867c55787294efd91c653bd3a8dbd27d1b7ca3bcece3fa34104687cab93d1a962532320684bc2d46
  languageName: node
  linkType: hard

"@matteusan/sentro@npm:^1.2.3":
  version: 1.2.3
  resolution: "@matteusan/sentro@npm:1.2.3"
  peerDependencies:
    sass: ^1.74.1
  checksum: 80460e4b1195f464a63ab96c7542fe9ec9ca920b2c18ade7f0960c1d1f6b3896e6466af4dffdc812f9a95c39dad463565a8056000d21accc7cf040b413b203f6
  languageName: node
  linkType: hard
