# This file is generated by running "yarn install" inside your project.
# Manual changes might be lost - proceed with caution!

__metadata:
  version: 6
  cacheKey: 8

"@matteusan/himig@workspace:.":
  version: 0.0.0-use.local
  resolution: "@matteusan/himig@workspace:."
  dependencies:
    "@matteusan/pintig": 1.4.0
    "@matteusan/sentro": 0.1.25
  languageName: unknown
  linkType: soft

"@matteusan/pintig@npm:1.4.0":
  version: 1.4.0
  resolution: "@matteusan/pintig@npm:1.4.0"
  dependencies:
    "@matteusan/sentro": 0.1.25
  checksum: 725049469f48654b0d7aa9b7fdbae70cb7e2551b935ae9e4f857f3ad29f2d41705bff13279d13735652f4c7b1815fc417ba1f7f65f679915df6326e122e737ae
  languageName: node
  linkType: hard

"@matteusan/sentro@npm:0.1.25":
  version: 0.1.25
  resolution: "@matteusan/sentro@npm:0.1.25"
  checksum: 2964e33fdc174b5753862c96d09df8647936de6aee0d98b7dbeda45345a3d6c9c4ecd45dbb0abaefd4b4390c6b7caf8ca0fca88640a7669ef82121a0a7fcdef0
  languageName: node
  linkType: hard
