# THIS IS AN AUTOGENERATED FILE. DO NOT EDIT THIS FILE DIRECTLY.
# yarn lockfile v1


"@matteusan/sentro@0.1.22":
  version "0.1.22"
  resolved "https://registry.yarnpkg.com/@matteusan/sentro/-/sentro-0.1.22.tgz#0caff06245426db6ca58c7817ba3c0ed08ea2674"
  integrity sha512-j7XFgzKiPB8Az9cJVdfeFBP4VHiJu5y9zGPMg9JtzG5ILQwmg29rWzgTWotigeGix/iK1pQCQ8T97wDWyYRwsQ==
