# THIS IS AN AUTOGENERATED FILE. DO NOT EDIT THIS FILE DIRECTLY.
# yarn lockfile v1


"@matteusan/sentro@0.1.16":
  version "0.1.16"
  resolved "https://registry.yarnpkg.com/@matteusan/sentro/-/sentro-0.1.16.tgz#412874979b8c437742e2d13bcc41372a6609fb48"
  integrity sha512-5SWd6tls0ZLeDFAAUgHPe+UFAAAU5phN7Gl+raDydm9ZJWXsZ+bpcQvXE/AsKQ/dhOG8tKj/TsSY1QGbKws8Mw==
